<?xml version="1.0" encoding="utf-8"?>
<Project ToolsVersion="17.0" xmlns="http://schemas.microsoft.com/developer/msbuild/2003">
  <ItemGroup>
    <ClCompile Include="S:\code\backuphelper\src\core\BackupEngine.cpp">
      <Filter>Source Files</Filter>
    </ClCompile>
    <ClCompile Include="S:\code\backuphelper\src\core\DataProcessor.cpp">
      <Filter>Source Files</Filter>
    </ClCompile>
    <ClCompile Include="S:\code\backuphelper\src\core\models\FileInfo.cpp">
      <Filter>Source Files</Filter>
    </ClCompile>
    <ClCompile Include="S:\code\backuphelper\src\core\tasks\BackupTask.cpp">
      <Filter>Source Files</Filter>
    </ClCompile>
    <ClCompile Include="S:\code\backuphelper\src\core\tasks\RestoreTask.cpp">
      <Filter>Source Files</Filter>
    </ClCompile>
    <ClCompile Include="S:\code\backuphelper\src\main.cpp">
      <Filter>Source Files</Filter>
    </ClCompile>
    <ClCompile Include="S:\code\backuphelper\src\utils\ConsoleLogger.cpp">
      <Filter>Source Files</Filter>
    </ClCompile>
    <ClCompile Include="S:\code\backuphelper\src\utils\FileSystem.cpp">
      <Filter>Source Files</Filter>
    </ClCompile>
  </ItemGroup>
  <ItemGroup>
    <CustomBuild Include="S:\code\backuphelper\CMakeLists.txt" />
  </ItemGroup>
  <ItemGroup>
    <Filter Include="Source Files">
      <UniqueIdentifier>{700E2DD6-BA59-3ABE-B7E7-FC1547DB17AF}</UniqueIdentifier>
    </Filter>
  </ItemGroup>
</Project>
