<?xml version="1.0" encoding="utf-8"?>
<Project ToolsVersion="17.0" xmlns="http://schemas.microsoft.com/developer/msbuild/2003">
  <ItemGroup>
    <CustomBuild Include="S:\code\backuphelper\CMakeFiles\f5d5676bc3735d30c7efd0b9a0c999c7\generate.stamp.rule">
      <Filter>CMake Rules</Filter>
    </CustomBuild>
  </ItemGroup>
  <ItemGroup>
    <Filter Include="CMake Rules">
      <UniqueIdentifier>{DEF6293A-4F77-3998-B54E-D8FB0F9699EB}</UniqueIdentifier>
    </Filter>
  </ItemGroup>
</Project>
